<Solution>
  <Folder Name="/src/">
    <Project Path="src/Collab.Adapters.OpenCode/Collab.Adapters.OpenCode.fsproj" />
    <Project Path="src/Collab.Daemon/Collab.Daemon.fsproj" />
    <Project Path="src/Collab.Domain/Collab.Domain.fsproj" />
    <Project Path="src/Collab.Shim/Collab.Shim.fsproj" />
  </Folder>
</Solution>
